
Microsoft Visual Studio Solution File, Format Version 12.00
# Visual Studio 14
VisualStudioVersion = 14.0.24720.0
MinimumVisualStudioVersion = 10.0.40219.1
Project("{FAE04EC0-301F-11D3-BF4B-00C04F79EFBC}") = "RedisAutocomplete", "RedisAutocomplete\RedisAutocomplete.csproj", "{0D9A1056-B903-4E7D-8E9F-E4B2B1EEC7C9}"
EndProject
Project("{FAE04EC0-301F-11D3-BF4B-00C04F79EFBC}") = "RedisAutocomplete.Tests", "RedisAutocomplete.Tests\RedisAutocomplete.Tests.csproj", "{EC79515B-ED39-4546-9A28-E8647B1A93C6}"
EndProject
Global
	GlobalSection(SolutionConfigurationPlatforms) = preSolution
		Debug|Any CPU = Debug|Any CPU
		Release|Any CPU = Release|Any CPU
	EndGlobalSection
	GlobalSection(ProjectConfigurationPlatforms) = postSolution
		{0D9A1056-B903-4E7D-8E9F-E4B2B1EEC7C9}.Debug|Any CPU.ActiveCfg = Debug|Any CPU
		{0D9A1056-B903-4E7D-8E9F-E4B2B1EEC7C9}.Debug|Any CPU.Build.0 = Debug|Any CPU
		{0D9A1056-B903-4E7D-8E9F-E4B2B1EEC7C9}.Release|Any CPU.ActiveCfg = Release|Any CPU
		{0D9A1056-B903-4E7D-8E9F-E4B2B1EEC7C9}.Release|Any CPU.Build.0 = Release|Any CPU
		{EC79515B-ED39-4546-9A28-E8647B1A93C6}.Debug|Any CPU.ActiveCfg = Debug|Any CPU
		{EC79515B-ED39-4546-9A28-E8647B1A93C6}.Debug|Any CPU.Build.0 = Debug|Any CPU
		{EC79515B-ED39-4546-9A28-E8647B1A93C6}.Release|Any CPU.ActiveCfg = Release|Any CPU
		{EC79515B-ED39-4546-9A28-E8647B1A93C6}.Release|Any CPU.Build.0 = Release|Any CPU
	EndGlobalSection
	GlobalSection(SolutionProperties) = preSolution
		HideSolutionNode = FALSE
	EndGlobalSection
EndGlobal
